// !$*UTF8*$!
{
	archiveVersion = 1;
	classes = {
	};
	objectVersion = 48;
	objects = {

/* Begin PBXBuildFile section */
		0320628D206E40E300309ED5 /* FeedAppOwner.swift in Sources */ = {isa = PBXBuildFile; fileRef = 0320628C206E40E300309ED5 /* FeedAppOwner.swift */; };
		03206292206E6F6C00309ED5 /* SearchAppTableViewController.swift in Sources */ = {isa = PBXBuildFile; fileRef = 03206291206E6F6C00309ED5 /* SearchAppTableViewController.swift */; };
		03206294206FF50A00309ED5 /* SearchAppEntry.swift in Sources */ = {isa = PBXBuildFile; fileRef = 03206293206FF50A00309ED5 /* SearchAppEntry.swift */; };
		0320629B2070087300309ED5 /* README.md in Resources */ = {isa = PBXBuildFile; fileRef = 0320629A2070087300309ED5 /* README.md */; };
		0332E54B206CD05900998B97 /* FeedComment.swift in Sources */ = {isa = PBXBuildFile; fileRef = 0332E54A206CD05900998B97 /* FeedComment.swift */; };
		0332E54D206CD17A00998B97 /* AppIdEntry.swift in Sources */ = {isa = PBXBuildFile; fileRef = 0332E54C206CD17A00998B97 /* AppIdEntry.swift */; };
		0332E550206CE1A200998B97 /* EnterAppstoreIDViewController.swift in Sources */ = {isa = PBXBuildFile; fileRef = 0332E54F206CE1A200998B97 /* EnterAppstoreIDViewController.swift */; };
		0332E552206CEF1000998B97 /* RecordsViewController.swift in Sources */ = {isa = PBXBuildFile; fileRef = 0332E551206CEF1000998B97 /* RecordsViewController.swift */; };
		0332E554206CF3B900998B97 /* CommentsViewController.swift in Sources */ = {isa = PBXBuildFile; fileRef = 0332E553206CF3B900998B97 /* CommentsViewController.swift */; };
		0332E557206CFF8F00998B97 /* CommentTableViewCell.swift in Sources */ = {isa = PBXBuildFile; fileRef = 0332E556206CFF8F00998B97 /* CommentTableViewCell.swift */; };
		0332E559206D10C700998B97 /* RegionsTableViewController.swift in Sources */ = {isa = PBXBuildFile; fileRef = 0332E558206D10C700998B97 /* RegionsTableViewController.swift */; };
		0332E55C206D128C00998B97 /* countries.json in Resources */ = {isa = PBXBuildFile; fileRef = 0332E55B206D128C00998B97 /* countries.json */; };
		0332E55E206D135400998B97 /* CountryRecord.swift in Sources */ = {isa = PBXBuildFile; fileRef = 0332E55D206D135400998B97 /* CountryRecord.swift */; };
		03B9ABE6206CCA150077DE8C /* AppDelegate.swift in Sources */ = {isa = PBXBuildFile; fileRef = 03B9ABE5206CCA150077DE8C /* AppDelegate.swift */; };
		03B9ABED206CCA150077DE8C /* Main.storyboard in Resources */ = {isa = PBXBuildFile; fileRef = 03B9ABEB206CCA150077DE8C /* Main.storyboard */; };
		03B9ABEF206CCA150077DE8C /* Assets.xcassets in Resources */ = {isa = PBXBuildFile; fileRef = 03B9ABEE206CCA150077DE8C /* Assets.xcassets */; };
		03B9ABF2206CCA150077DE8C /* LaunchScreen.storyboard in Resources */ = {isa = PBXBuildFile; fileRef = 03B9ABF0206CCA150077DE8C /* LaunchScreen.storyboard */; };
		BFE63733D20231745EA1AEA6 /* Pods_TunesWatcher.framework in Frameworks */ = {isa = PBXBuildFile; fileRef = 08B35981866B6AAD9D746EAA /* Pods_TunesWatcher.framework */; };
/* End PBXBuildFile section */

/* Begin PBXFileReference section */
		0320628C206E40E300309ED5 /* FeedAppOwner.swift */ = {isa = PBXFileReference; lastKnownFileType = sourcecode.swift; path = FeedAppOwner.swift; sourceTree = "<group>"; };
		03206291206E6F6C00309ED5 /* SearchAppTableViewController.swift */ = {isa = PBXFileReference; lastKnownFileType = sourcecode.swift; path = SearchAppTableViewController.swift; sourceTree = "<group>"; };
		03206293206FF50A00309ED5 /* SearchAppEntry.swift */ = {isa = PBXFileReference; lastKnownFileType = sourcecode.swift; path = SearchAppEntry.swift; sourceTree = "<group>"; };
		0320629A2070087300309ED5 /* README.md */ = {isa = PBXFileReference; fileEncoding = 4; lastKnownFileType = net.daringfireball.markdown; path = README.md; sourceTree = SOURCE_ROOT; };
		0332E54A206CD05900998B97 /* FeedComment.swift */ = {isa = PBXFileReference; lastKnownFileType = sourcecode.swift; path = FeedComment.swift; sourceTree = "<group>"; };
		0332E54C206CD17A00998B97 /* AppIdEntry.swift */ = {isa = PBXFileReference; lastKnownFileType = sourcecode.swift; path = AppIdEntry.swift; sourceTree = "<group>"; };
		0332E54F206CE1A200998B97 /* EnterAppstoreIDViewController.swift */ = {isa = PBXFileReference; lastKnownFileType = sourcecode.swift; path = EnterAppstoreIDViewController.swift; sourceTree = "<group>"; };
		0332E551206CEF1000998B97 /* RecordsViewController.swift */ = {isa = PBXFileReference; fileEncoding = 4; lastKnownFileType = sourcecode.swift; path = RecordsViewController.swift; sourceTree = "<group>"; };
		0332E553206CF3B900998B97 /* CommentsViewController.swift */ = {isa = PBXFileReference; fileEncoding = 4; lastKnownFileType = sourcecode.swift; path = CommentsViewController.swift; sourceTree = "<group>"; };
		0332E556206CFF8F00998B97 /* CommentTableViewCell.swift */ = {isa = PBXFileReference; lastKnownFileType = sourcecode.swift; path = CommentTableViewCell.swift; sourceTree = "<group>"; };
		0332E558206D10C700998B97 /* RegionsTableViewController.swift */ = {isa = PBXFileReference; lastKnownFileType = sourcecode.swift; path = RegionsTableViewController.swift; sourceTree = "<group>"; };
		0332E55B206D128C00998B97 /* countries.json */ = {isa = PBXFileReference; fileEncoding = 4; lastKnownFileType = text.json; path = countries.json; sourceTree = "<group>"; };
		0332E55D206D135400998B97 /* CountryRecord.swift */ = {isa = PBXFileReference; lastKnownFileType = sourcecode.swift; path = CountryRecord.swift; sourceTree = "<group>"; };
		0332E55F206D22D900998B97 /* Info.plist */ = {isa = PBXFileReference; fileEncoding = 4; lastKnownFileType = text.plist.xml; path = Info.plist; sourceTree = "<group>"; };
		03B9ABE2206CCA150077DE8C /* TunesWatcher.app */ = {isa = PBXFileReference; explicitFileType = wrapper.application; includeInIndex = 0; path = TunesWatcher.app; sourceTree = BUILT_PRODUCTS_DIR; };
		03B9ABE5206CCA150077DE8C /* AppDelegate.swift */ = {isa = PBXFileReference; lastKnownFileType = sourcecode.swift; path = AppDelegate.swift; sourceTree = "<group>"; };
		03B9ABEC206CCA150077DE8C /* Base */ = {isa = PBXFileReference; lastKnownFileType = file.storyboard; name = Base; path = Base.lproj/Main.storyboard; sourceTree = "<group>"; };
		03B9ABEE206CCA150077DE8C /* Assets.xcassets */ = {isa = PBXFileReference; lastKnownFileType = folder.assetcatalog; path = Assets.xcassets; sourceTree = "<group>"; };
		03B9ABF1206CCA150077DE8C /* Base */ = {isa = PBXFileReference; lastKnownFileType = file.storyboard; name = Base; path = Base.lproj/LaunchScreen.storyboard; sourceTree = "<group>"; };
		08B35981866B6AAD9D746EAA /* Pods_TunesWatcher.framework */ = {isa = PBXFileReference; explicitFileType = wrapper.framework; includeInIndex = 0; path = Pods_TunesWatcher.framework; sourceTree = BUILT_PRODUCTS_DIR; };
		0CAA1C98DA3812AD9F2D86AC /* Pods-TunesWatcher.release.xcconfig */ = {isa = PBXFileReference; includeInIndex = 1; lastKnownFileType = text.xcconfig; name = "Pods-TunesWatcher.release.xcconfig"; path = "Pods/Target Support Files/Pods-TunesWatcher/Pods-TunesWatcher.release.xcconfig"; sourceTree = "<group>"; };
		F9E8233E74E03A332B6761A6 /* Pods-TunesWatcher.debug.xcconfig */ = {isa = PBXFileReference; includeInIndex = 1; lastKnownFileType = text.xcconfig; name = "Pods-TunesWatcher.debug.xcconfig"; path = "Pods/Target Support Files/Pods-TunesWatcher/Pods-TunesWatcher.debug.xcconfig"; sourceTree = "<group>"; };
/* End PBXFileReference section */

/* Begin PBXFrameworksBuildPhase section */
		03B9ABDF206CCA150077DE8C /* Frameworks */ = {
			isa = PBXFrameworksBuildPhase;
			buildActionMask = 2147483647;
			files = (
				BFE63733D20231745EA1AEA6 /* Pods_TunesWatcher.framework in Frameworks */,
			);
			runOnlyForDeploymentPostprocessing = 0;
		};
/* End PBXFrameworksBuildPhase section */

/* Begin PBXGroup section */
		03206290206E6F5900309ED5 /* SearchApp */ = {
			isa = PBXGroup;
			children = (
				03206291206E6F6C00309ED5 /* SearchAppTableViewController.swift */,
			);
			path = SearchApp;
			sourceTree = "<group>";
		};
		03206296206FFD2000309ED5 /* AddApp */ = {
			isa = PBXGroup;
			children = (
				0332E54F206CE1A200998B97 /* EnterAppstoreIDViewController.swift */,
			);
			path = AddApp;
			sourceTree = "<group>";
		};
		03206297206FFE3800309ED5 /* Comments */ = {
			isa = PBXGroup;
			children = (
				0332E555206CFF6600998B97 /* Cells */,
				0332E553206CF3B900998B97 /* CommentsViewController.swift */,
			);
			path = Comments;
			sourceTree = "<group>";
		};
		03206298206FFE3800309ED5 /* Regions */ = {
			isa = PBXGroup;
			children = (
				0332E558206D10C700998B97 /* RegionsTableViewController.swift */,
			);
			path = Regions;
			sourceTree = "<group>";
		};
		03206299206FFE3800309ED5 /* Records */ = {
			isa = PBXGroup;
			children = (
				0332E551206CEF1000998B97 /* RecordsViewController.swift */,
			);
			path = Records;
			sourceTree = "<group>";
		};
		0332E549206CCF3800998B97 /* Models */ = {
			isa = PBXGroup;
			children = (
				0332E54A206CD05900998B97 /* FeedComment.swift */,
				0320628C206E40E300309ED5 /* FeedAppOwner.swift */,
				0332E54C206CD17A00998B97 /* AppIdEntry.swift */,
				0332E55D206D135400998B97 /* CountryRecord.swift */,
				03206293206FF50A00309ED5 /* SearchAppEntry.swift */,
			);
			path = Models;
			sourceTree = "<group>";
		};
		0332E54E206CE14800998B97 /* Controllers */ = {
			isa = PBXGroup;
			children = (
				03206290206E6F5900309ED5 /* SearchApp */,
				03206296206FFD2000309ED5 /* AddApp */,
				03206299206FFE3800309ED5 /* Records */,
				03206298206FFE3800309ED5 /* Regions */,
				03206297206FFE3800309ED5 /* Comments */,
			);
			path = Controllers;
			sourceTree = "<group>";
		};
		0332E555206CFF6600998B97 /* Cells */ = {
			isa = PBXGroup;
			children = (
				0332E556206CFF8F00998B97 /* CommentTableViewCell.swift */,
			);
			path = Cells;
			sourceTree = "<group>";
		};
		0332E55A206D118F00998B97 /* Support Files */ = {
			isa = PBXGroup;
			children = (
				03B9ABEE206CCA150077DE8C /* Assets.xcassets */,
				0332E55B206D128C00998B97 /* countries.json */,
				03B9ABF0206CCA150077DE8C /* LaunchScreen.storyboard */,
				0332E55F206D22D900998B97 /* Info.plist */,
			);
			path = "Support Files";
			sourceTree = "<group>";
		};
		03B9ABD9206CCA150077DE8C = {
			isa = PBXGroup;
			children = (
				03B9ABE4206CCA150077DE8C /* TunesWatcher */,
				03B9ABE3206CCA150077DE8C /* Products */,
				40F168914BE9F3E3BA0F9BEC /* Pods */,
				58BBC9227B7156CD9866ECF2 /* Frameworks */,
			);
			sourceTree = "<group>";
		};
		03B9ABE3206CCA150077DE8C /* Products */ = {
			isa = PBXGroup;
			children = (
				03B9ABE2206CCA150077DE8C /* TunesWatcher.app */,
			);
			name = Products;
			sourceTree = "<group>";
		};
		03B9ABE4206CCA150077DE8C /* TunesWatcher */ = {
			isa = PBXGroup;
			children = (
				0320629A2070087300309ED5 /* README.md */,
				0332E549206CCF3800998B97 /* Models */,
				0332E54E206CE14800998B97 /* Controllers */,
				03B9ABE5206CCA150077DE8C /* AppDelegate.swift */,
				03B9ABEB206CCA150077DE8C /* Main.storyboard */,
				0332E55A206D118F00998B97 /* Support Files */,
			);
			path = TunesWatcher;
			sourceTree = "<group>";
		};
		40F168914BE9F3E3BA0F9BEC /* Pods */ = {
			isa = PBXGroup;
			children = (
				F9E8233E74E03A332B6761A6 /* Pods-TunesWatcher.debug.xcconfig */,
				0CAA1C98DA3812AD9F2D86AC /* Pods-TunesWatcher.release.xcconfig */,
			);
			name = Pods;
			sourceTree = "<group>";
		};
		58BBC9227B7156CD9866ECF2 /* Frameworks */ = {
			isa = PBXGroup;
			children = (
				08B35981866B6AAD9D746EAA /* Pods_TunesWatcher.framework */,
			);
			name = Frameworks;
			sourceTree = "<group>";
		};
/* End PBXGroup section */

/* Begin PBXNativeTarget section */
		03B9ABE1206CCA150077DE8C /* TunesWatcher */ = {
			isa = PBXNativeTarget;
			buildConfigurationList = 03B9ABF6206CCA150077DE8C /* Build configuration list for PBXNativeTarget "TunesWatcher" */;
			buildPhases = (
				876B5CA1400C6982A106A632 /* [CP] Check Pods Manifest.lock */,
				03B9ABDE206CCA150077DE8C /* Sources */,
				03B9ABDF206CCA150077DE8C /* Frameworks */,
				03B9ABE0206CCA150077DE8C /* Resources */,
				1959BF98C0500207D9C0D26F /* [CP] Embed Pods Frameworks */,
				7438E07B0C2714303218CE17 /* [CP] Copy Pods Resources */,
			);
			buildRules = (
			);
			dependencies = (
			);
			name = TunesWatcher;
			productName = TunesWatcher;
			productReference = 03B9ABE2206CCA150077DE8C /* TunesWatcher.app */;
			productType = "com.apple.product-type.application";
		};
/* End PBXNativeTarget section */

/* Begin PBXProject section */
		03B9ABDA206CCA150077DE8C /* Project object */ = {
			isa = PBXProject;
			attributes = {
				LastSwiftUpdateCheck = 0920;
				LastUpgradeCheck = 0930;
				ORGANIZATIONNAME = "Michael Rublev";
				TargetAttributes = {
					03B9ABE1206CCA150077DE8C = {
						CreatedOnToolsVersion = 9.2;
						ProvisioningStyle = Automatic;
					};
				};
			};
			buildConfigurationList = 03B9ABDD206CCA150077DE8C /* Build configuration list for PBXProject "TunesWatcher" */;
			compatibilityVersion = "Xcode 8.0";
			developmentRegion = en;
			hasScannedForEncodings = 0;
			knownRegions = (
				en,
				Base,
			);
			mainGroup = 03B9ABD9206CCA150077DE8C;
			productRefGroup = 03B9ABE3206CCA150077DE8C /* Products */;
			projectDirPath = "";
			projectRoot = "";
			targets = (
				03B9ABE1206CCA150077DE8C /* TunesWatcher */,
			);
		};
/* End PBXProject section */

/* Begin PBXResourcesBuildPhase section */
		03B9ABE0206CCA150077DE8C /* Resources */ = {
			isa = PBXResourcesBuildPhase;
			buildActionMask = 2147483647;
			files = (
				03B9ABF2206CCA150077DE8C /* LaunchScreen.storyboard in Resources */,
				03B9ABEF206CCA150077DE8C /* Assets.xcassets in Resources */,
				0320629B2070087300309ED5 /* README.md in Resources */,
				0332E55C206D128C00998B97 /* countries.json in Resources */,
				03B9ABED206CCA150077DE8C /* Main.storyboard in Resources */,
			);
			runOnlyForDeploymentPostprocessing = 0;
		};
/* End PBXResourcesBuildPhase section */

/* Begin PBXShellScriptBuildPhase section */
		1959BF98C0500207D9C0D26F /* [CP] Embed Pods Frameworks */ = {
			isa = PBXShellScriptBuildPhase;
			buildActionMask = 2147483647;
			files = (
			);
			inputPaths = (
				"${SRCROOT}/Pods/Target Support Files/Pods-TunesWatcher/Pods-TunesWatcher-frameworks.sh",
				"${BUILT_PRODUCTS_DIR}/Alamofire/Alamofire.framework",
				"${BUILT_PRODUCTS_DIR}/Realm/Realm.framework",
				"${BUILT_PRODUCTS_DIR}/RealmSwift/RealmSwift.framework",
			);
			name = "[CP] Embed Pods Frameworks";
			outputPaths = (
				"${TARGET_BUILD_DIR}/${FRAMEWORKS_FOLDER_PATH}/Alamofire.framework",
				"${TARGET_BUILD_DIR}/${FRAMEWORKS_FOLDER_PATH}/Realm.framework",
				"${TARGET_BUILD_DIR}/${FRAMEWORKS_FOLDER_PATH}/RealmSwift.framework",
			);
			runOnlyForDeploymentPostprocessing = 0;
			shellPath = /bin/sh;
			shellScript = "\"${SRCROOT}/Pods/Target Support Files/Pods-TunesWatcher/Pods-TunesWatcher-frameworks.sh\"\n";
			showEnvVarsInLog = 0;
		};
		7438E07B0C2714303218CE17 /* [CP] Copy Pods Resources */ = {
			isa = PBXShellScriptBuildPhase;
			buildActionMask = 2147483647;
			files = (
			);
			inputPaths = (
			);
			name = "[CP] Copy Pods Resources";
			outputPaths = (
			);
			runOnlyForDeploymentPostprocessing = 0;
			shellPath = /bin/sh;
			shellScript = "\"${SRCROOT}/Pods/Target Support Files/Pods-TunesWatcher/Pods-TunesWatcher-resources.sh\"\n";
			showEnvVarsInLog = 0;
		};
		876B5CA1400C6982A106A632 /* [CP] Check Pods Manifest.lock */ = {
			isa = PBXShellScriptBuildPhase;
			buildActionMask = 2147483647;
			files = (
			);
			inputPaths = (
				"${PODS_PODFILE_DIR_PATH}/Podfile.lock",
				"${PODS_ROOT}/Manifest.lock",
			);
			name = "[CP] Check Pods Manifest.lock";
			outputPaths = (
				"$(DERIVED_FILE_DIR)/Pods-TunesWatcher-checkManifestLockResult.txt",
			);
			runOnlyForDeploymentPostprocessing = 0;
			shellPath = /bin/sh;
			shellScript = "diff \"${PODS_PODFILE_DIR_PATH}/Podfile.lock\" \"${PODS_ROOT}/Manifest.lock\" > /dev/null\nif [ $? != 0 ] ; then\n    # print error to STDERR\n    echo \"error: The sandbox is not in sync with the Podfile.lock. Run 'pod install' or update your CocoaPods installation.\" >&2\n    exit 1\nfi\n# This output is used by Xcode 'outputs' to avoid re-running this script phase.\necho \"SUCCESS\" > \"${SCRIPT_OUTPUT_FILE_0}\"\n";
			showEnvVarsInLog = 0;
		};
/* End PBXShellScriptBuildPhase section */

/* Begin PBXSourcesBuildPhase section */
		03B9ABDE206CCA150077DE8C /* Sources */ = {
			isa = PBXSourcesBuildPhase;
			buildActionMask = 2147483647;
			files = (
				03206294206FF50A00309ED5 /* SearchAppEntry.swift in Sources */,
				0332E54D206CD17A00998B97 /* AppIdEntry.swift in Sources */,
				0332E552206CEF1000998B97 /* RecordsViewController.swift in Sources */,
				0332E559206D10C700998B97 /* RegionsTableViewController.swift in Sources */,
				0320628D206E40E300309ED5 /* FeedAppOwner.swift in Sources */,
				0332E54B206CD05900998B97 /* FeedComment.swift in Sources */,
				0332E554206CF3B900998B97 /* CommentsViewController.swift in Sources */,
				0332E55E206D135400998B97 /* CountryRecord.swift in Sources */,
				0332E557206CFF8F00998B97 /* CommentTableViewCell.swift in Sources */,
				0332E550206CE1A200998B97 /* EnterAppstoreIDViewController.swift in Sources */,
				03206292206E6F6C00309ED5 /* SearchAppTableViewController.swift in Sources */,
				03B9ABE6206CCA150077DE8C /* AppDelegate.swift in Sources */,
			);
			runOnlyForDeploymentPostprocessing = 0;
		};
/* End PBXSourcesBuildPhase section */

/* Begin PBXVariantGroup section */
		03B9ABEB206CCA150077DE8C /* Main.storyboard */ = {
			isa = PBXVariantGroup;
			children = (
				03B9ABEC206CCA150077DE8C /* Base */,
			);
			name = Main.storyboard;
			sourceTree = "<group>";
		};
		03B9ABF0206CCA150077DE8C /* LaunchScreen.storyboard */ = {
			isa = PBXVariantGroup;
			children = (
				03B9ABF1206CCA150077DE8C /* Base */,
			);
			name = LaunchScreen.storyboard;
			sourceTree = "<group>";
		};
/* End PBXVariantGroup section */

/* Begin XCBuildConfiguration section */
		03B9ABF4206CCA150077DE8C /* Debug */ = {
			isa = XCBuildConfiguration;
			buildSettings = {
				ALWAYS_SEARCH_USER_PATHS = NO;
				CLANG_ANALYZER_NONNULL = YES;
				CLANG_ANALYZER_NUMBER_OBJECT_CONVERSION = YES_AGGRESSIVE;
				CLANG_CXX_LANGUAGE_STANDARD = "gnu++14";
				CLANG_CXX_LIBRARY = "libc++";
				CLANG_ENABLE_MODULES = YES;
				CLANG_ENABLE_OBJC_ARC = YES;
				CLANG_WARN_BLOCK_CAPTURE_AUTORELEASING = YES;
				CLANG_WARN_BOOL_CONVERSION = YES;
				CLANG_WARN_COMMA = YES;
				CLANG_WARN_CONSTANT_CONVERSION = YES;
				CLANG_WARN_DEPRECATED_OBJC_IMPLEMENTATIONS = YES;
				CLANG_WARN_DIRECT_OBJC_ISA_USAGE = YES_ERROR;
				CLANG_WARN_DOCUMENTATION_COMMENTS = YES;
				CLANG_WARN_EMPTY_BODY = YES;
				CLANG_WARN_ENUM_CONVERSION = YES;
				CLANG_WARN_INFINITE_RECURSION = YES;
				CLANG_WARN_INT_CONVERSION = YES;
				CLANG_WARN_NON_LITERAL_NULL_CONVERSION = YES;
				CLANG_WARN_OBJC_IMPLICIT_RETAIN_SELF = YES;
				CLANG_WARN_OBJC_LITERAL_CONVERSION = YES;
				CLANG_WARN_OBJC_ROOT_CLASS = YES_ERROR;
				CLANG_WARN_RANGE_LOOP_ANALYSIS = YES;
				CLANG_WARN_STRICT_PROTOTYPES = YES;
				CLANG_WARN_SUSPICIOUS_MOVE = YES;
				CLANG_WARN_UNGUARDED_AVAILABILITY = YES_AGGRESSIVE;
				CLANG_WARN_UNREACHABLE_CODE = YES;
				CLANG_WARN__DUPLICATE_METHOD_MATCH = YES;
				CODE_SIGN_IDENTITY = "iPhone Developer";
				COPY_PHASE_STRIP = NO;
				DEBUG_INFORMATION_FORMAT = dwarf;
				ENABLE_STRICT_OBJC_MSGSEND = YES;
				ENABLE_TESTABILITY = YES;
				GCC_C_LANGUAGE_STANDARD = gnu11;
				GCC_DYNAMIC_NO_PIC = NO;
				GCC_NO_COMMON_BLOCKS = YES;
				GCC_OPTIMIZATION_LEVEL = 0;
				GCC_PREPROCESSOR_DEFINITIONS = (
					"DEBUG=1",
					"$(inherited)",
				);
				GCC_WARN_64_TO_32_BIT_CONVERSION = YES;
				GCC_WARN_ABOUT_RETURN_TYPE = YES_ERROR;
				GCC_WARN_UNDECLARED_SELECTOR = YES;
				GCC_WARN_UNINITIALIZED_AUTOS = YES_AGGRESSIVE;
				GCC_WARN_UNUSED_FUNCTION = YES;
				GCC_WARN_UNUSED_VARIABLE = YES;
				IPHONEOS_DEPLOYMENT_TARGET = 11.2;
				MTL_ENABLE_DEBUG_INFO = YES;
				ONLY_ACTIVE_ARCH = YES;
				SDKROOT = iphoneos;
				SWIFT_ACTIVE_COMPILATION_CONDITIONS = DEBUG;
				SWIFT_OPTIMIZATION_LEVEL = "-Onone";
			};
			name = Debug;
		};
		03B9ABF5206CCA150077DE8C /* Release */ = {
			isa = XCBuildConfiguration;
			buildSettings = {
				ALWAYS_SEARCH_USER_PATHS = NO;
				CLANG_ANALYZER_NONNULL = YES;
				CLANG_ANALYZER_NUMBER_OBJECT_CONVERSION = YES_AGGRESSIVE;
				CLANG_CXX_LANGUAGE_STANDARD = "gnu++14";
				CLANG_CXX_LIBRARY = "libc++";
				CLANG_ENABLE_MODULES = YES;
				CLANG_ENABLE_OBJC_ARC = YES;
				CLANG_WARN_BLOCK_CAPTURE_AUTORELEASING = YES;
				CLANG_WARN_BOOL_CONVERSION = YES;
				CLANG_WARN_COMMA = YES;
				CLANG_WARN_CONSTANT_CONVERSION = YES;
				CLANG_WARN_DEPRECATED_OBJC_IMPLEMENTATIONS = YES;
				CLANG_WARN_DIRECT_OBJC_ISA_USAGE = YES_ERROR;
				CLANG_WARN_DOCUMENTATION_COMMENTS = YES;
				CLANG_WARN_EMPTY_BODY = YES;
				CLANG_WARN_ENUM_CONVERSION = YES;
				CLANG_WARN_INFINITE_RECURSION = YES;
				CLANG_WARN_INT_CONVERSION = YES;
				CLANG_WARN_NON_LITERAL_NULL_CONVERSION = YES;
				CLANG_WARN_OBJC_IMPLICIT_RETAIN_SELF = YES;
				CLANG_WARN_OBJC_LITERAL_CONVERSION = YES;
				CLANG_WARN_OBJC_ROOT_CLASS = YES_ERROR;
				CLANG_WARN_RANGE_LOOP_ANALYSIS = YES;
				CLANG_WARN_STRICT_PROTOTYPES = YES;
				CLANG_WARN_SUSPICIOUS_MOVE = YES;
				CLANG_WARN_UNGUARDED_AVAILABILITY = YES_AGGRESSIVE;
				CLANG_WARN_UNREACHABLE_CODE = YES;
				CLANG_WARN__DUPLICATE_METHOD_MATCH = YES;
				CODE_SIGN_IDENTITY = "iPhone Developer";
				COPY_PHASE_STRIP = NO;
				DEBUG_INFORMATION_FORMAT = "dwarf-with-dsym";
				ENABLE_NS_ASSERTIONS = NO;
				ENABLE_STRICT_OBJC_MSGSEND = YES;
				GCC_C_LANGUAGE_STANDARD = gnu11;
				GCC_NO_COMMON_BLOCKS = YES;
				GCC_WARN_64_TO_32_BIT_CONVERSION = YES;
				GCC_WARN_ABOUT_RETURN_TYPE = YES_ERROR;
				GCC_WARN_UNDECLARED_SELECTOR = YES;
				GCC_WARN_UNINITIALIZED_AUTOS = YES_AGGRESSIVE;
				GCC_WARN_UNUSED_FUNCTION = YES;
				GCC_WARN_UNUSED_VARIABLE = YES;
				IPHONEOS_DEPLOYMENT_TARGET = 11.2;
				MTL_ENABLE_DEBUG_INFO = NO;
				SDKROOT = iphoneos;
				SWIFT_OPTIMIZATION_LEVEL = "-Owholemodule";
				VALIDATE_PRODUCT = YES;
			};
			name = Release;
		};
		03B9ABF7206CCA150077DE8C /* Debug */ = {
			isa = XCBuildConfiguration;
			baseConfigurationReference = F9E8233E74E03A332B6761A6 /* Pods-TunesWatcher.debug.xcconfig */;
			buildSettings = {
				ASSETCATALOG_COMPILER_APPICON_NAME = AppIcon;
				CODE_SIGN_STYLE = Automatic;
				DEVELOPMENT_TEAM = 368UH7SFCU;
				INFOPLIST_FILE = "$(SRCROOT)/TunesWatcher/Support Files/Info.plist";
				LD_RUNPATH_SEARCH_PATHS = "$(inherited) @executable_path/Frameworks";
				PRODUCT_BUNDLE_IDENTIFIER = None.TunesWatcher;
				PRODUCT_NAME = "$(TARGET_NAME)";
				SWIFT_VERSION = 4.0;
				TARGETED_DEVICE_FAMILY = "1,2";
			};
			name = Debug;
		};
		03B9ABF8206CCA150077DE8C /* Release */ = {
			isa = XCBuildConfiguration;
			baseConfigurationReference = 0CAA1C98DA3812AD9F2D86AC /* Pods-TunesWatcher.release.xcconfig */;
			buildSettings = {
				ASSETCATALOG_COMPILER_APPICON_NAME = AppIcon;
				CODE_SIGN_STYLE = Automatic;
				DEVELOPMENT_TEAM = 368UH7SFCU;
				INFOPLIST_FILE = "$(SRCROOT)/TunesWatcher/Support Files/Info.plist";
				LD_RUNPATH_SEARCH_PATHS = "$(inherited) @executable_path/Frameworks";
				PRODUCT_BUNDLE_IDENTIFIER = None.TunesWatcher;
				PRODUCT_NAME = "$(TARGET_NAME)";
				SWIFT_VERSION = 4.0;
				TARGETED_DEVICE_FAMILY = "1,2";
			};
			name = Release;
		};
/* End XCBuildConfiguration section */

/* Begin XCConfigurationList section */
		03B9ABDD206CCA150077DE8C /* Build configuration list for PBXProject "TunesWatcher" */ = {
			isa = XCConfigurationList;
			buildConfigurations = (
				03B9ABF4206CCA150077DE8C /* Debug */,
				03B9ABF5206CCA150077DE8C /* Release */,
			);
			defaultConfigurationIsVisible = 0;
			defaultConfigurationName = Release;
		};
		03B9ABF6206CCA150077DE8C /* Build configuration list for PBXNativeTarget "TunesWatcher" */ = {
			isa = XCConfigurationList;
			buildConfigurations = (
				03B9ABF7206CCA150077DE8C /* Debug */,
				03B9ABF8206CCA150077DE8C /* Release */,
			);
			defaultConfigurationIsVisible = 0;
			defaultConfigurationName = Release;
		};
/* End XCConfigurationList section */
	};
	rootObject = 03B9ABDA206CCA150077DE8C /* Project object */;
}
